
Microsoft Visual Studio Solution File, Format Version 12.00
# Visual Studio Version 17
VisualStudioVersion = 17.2.32519.379
MinimumVisualStudioVersion = 10.0.40219.1
Project("{FAE04EC0-301F-11D3-BF4B-00C04F79EFBC}") = "pryHerramientasSP1Carreño", "pryHerramientasSP1Carreño\pryHerramientasSP1Carreño.csproj", "{1D731E9C-CD6D-4320-9710-8B0F40EC956A}"
EndProject
Global
	GlobalSection(SolutionConfigurationPlatforms) = preSolution
		Debug|Any CPU = Debug|Any CPU
		Release|Any CPU = Release|Any CPU
	EndGlobalSection
	GlobalSection(ProjectConfigurationPlatforms) = postSolution
		{1D731E9C-CD6D-4320-9710-8B0F40EC956A}.Debug|Any CPU.ActiveCfg = Debug|Any CPU
		{1D731E9C-CD6D-4320-9710-8B0F40EC956A}.Debug|Any CPU.Build.0 = Debug|Any CPU
		{1D731E9C-CD6D-4320-9710-8B0F40EC956A}.Release|Any CPU.ActiveCfg = Release|Any CPU
		{1D731E9C-CD6D-4320-9710-8B0F40EC956A}.Release|Any CPU.Build.0 = Release|Any CPU
	EndGlobalSection
	GlobalSection(SolutionProperties) = preSolution
		HideSolutionNode = FALSE
	EndGlobalSection
	GlobalSection(ExtensibilityGlobals) = postSolution
		SolutionGuid = {D9ADE9FE-D125-45CE-9E04-82DD6B47C62E}
	EndGlobalSection
EndGlobal
